
Microsoft Visual Studio Solution File, Format Version 12.00
# Visual Studio Version 17
VisualStudioVersion = 17.11.35303.130
MinimumVisualStudioVersion = 10.0.40219.1
Project("{2150E333-8FDC-42A3-9474-1A3956D46DE8}") = "src", "src", "{75D32286-1F88-41FD-8F16-C21755E90B09}"
EndProject
Project("{FAE04EC0-301F-11D3-BF4B-00C04F79EFBC}") = "Domain", "src\Domain\Domain.csproj", "{DB7F0FE8-8B5A-4DC2-83FE-6C9433D3BE85}"
EndProject
Project("{FAE04EC0-301F-11D3-BF4B-00C04F79EFBC}") = "SharedKernel", "src\SharedKernel\SharedKernel.csproj", "{10A0E2CA-F6B3-4343-8D59-333224DEB69E}"
EndProject
Project("{FAE04EC0-301F-11D3-BF4B-00C04F79EFBC}") = "Infrastructure", "src\Infrastructure\Infrastructure.csproj", "{EA65B4BE-BC9D-469B-A295-2E8E91DA646F}"
EndProject
Project("{FAE04EC0-301F-11D3-BF4B-00C04F79EFBC}") = "Application", "src\Application\Application.csproj", "{CE8C18FE-D105-478E-891A-AB5AF2867CE2}"
EndProject
Project("{FAE04EC0-301F-11D3-BF4B-00C04F79EFBC}") = "Web", "src\Web\Web.csproj", "{3E8D147A-9E36-4BC9-B8BB-E2A40B36F188}"
EndProject
Global
	GlobalSection(SolutionConfigurationPlatforms) = preSolution
		Debug|Any CPU = Debug|Any CPU
		Release|Any CPU = Release|Any CPU
	EndGlobalSection
	GlobalSection(ProjectConfigurationPlatforms) = postSolution
		{DB7F0FE8-8B5A-4DC2-83FE-6C9433D3BE85}.Debug|Any CPU.ActiveCfg = Debug|Any CPU
		{DB7F0FE8-8B5A-4DC2-83FE-6C9433D3BE85}.Debug|Any CPU.Build.0 = Debug|Any CPU
		{DB7F0FE8-8B5A-4DC2-83FE-6C9433D3BE85}.Release|Any CPU.ActiveCfg = Release|Any CPU
		{DB7F0FE8-8B5A-4DC2-83FE-6C9433D3BE85}.Release|Any CPU.Build.0 = Release|Any CPU
		{10A0E2CA-F6B3-4343-8D59-333224DEB69E}.Debug|Any CPU.ActiveCfg = Debug|Any CPU
		{10A0E2CA-F6B3-4343-8D59-333224DEB69E}.Debug|Any CPU.Build.0 = Debug|Any CPU
		{10A0E2CA-F6B3-4343-8D59-333224DEB69E}.Release|Any CPU.ActiveCfg = Release|Any CPU
		{10A0E2CA-F6B3-4343-8D59-333224DEB69E}.Release|Any CPU.Build.0 = Release|Any CPU
		{EA65B4BE-BC9D-469B-A295-2E8E91DA646F}.Debug|Any CPU.ActiveCfg = Debug|Any CPU
		{EA65B4BE-BC9D-469B-A295-2E8E91DA646F}.Debug|Any CPU.Build.0 = Debug|Any CPU
		{EA65B4BE-BC9D-469B-A295-2E8E91DA646F}.Release|Any CPU.ActiveCfg = Release|Any CPU
		{EA65B4BE-BC9D-469B-A295-2E8E91DA646F}.Release|Any CPU.Build.0 = Release|Any CPU
		{CE8C18FE-D105-478E-891A-AB5AF2867CE2}.Debug|Any CPU.ActiveCfg = Debug|Any CPU
		{CE8C18FE-D105-478E-891A-AB5AF2867CE2}.Debug|Any CPU.Build.0 = Debug|Any CPU
		{CE8C18FE-D105-478E-891A-AB5AF2867CE2}.Release|Any CPU.ActiveCfg = Release|Any CPU
		{CE8C18FE-D105-478E-891A-AB5AF2867CE2}.Release|Any CPU.Build.0 = Release|Any CPU
		{3E8D147A-9E36-4BC9-B8BB-E2A40B36F188}.Debug|Any CPU.ActiveCfg = Debug|Any CPU
		{3E8D147A-9E36-4BC9-B8BB-E2A40B36F188}.Debug|Any CPU.Build.0 = Debug|Any CPU
		{3E8D147A-9E36-4BC9-B8BB-E2A40B36F188}.Release|Any CPU.ActiveCfg = Release|Any CPU
		{3E8D147A-9E36-4BC9-B8BB-E2A40B36F188}.Release|Any CPU.Build.0 = Release|Any CPU
	EndGlobalSection
	GlobalSection(SolutionProperties) = preSolution
		HideSolutionNode = FALSE
	EndGlobalSection
	GlobalSection(NestedProjects) = preSolution
		{DB7F0FE8-8B5A-4DC2-83FE-6C9433D3BE85} = {75D32286-1F88-41FD-8F16-C21755E90B09}
		{10A0E2CA-F6B3-4343-8D59-333224DEB69E} = {75D32286-1F88-41FD-8F16-C21755E90B09}
		{EA65B4BE-BC9D-469B-A295-2E8E91DA646F} = {75D32286-1F88-41FD-8F16-C21755E90B09}
		{CE8C18FE-D105-478E-891A-AB5AF2867CE2} = {75D32286-1F88-41FD-8F16-C21755E90B09}
		{3E8D147A-9E36-4BC9-B8BB-E2A40B36F188} = {75D32286-1F88-41FD-8F16-C21755E90B09}
	EndGlobalSection
	GlobalSection(ExtensibilityGlobals) = postSolution
		SolutionGuid = {CD932DF2-E518-4C79-A0D7-863AABD62993}
	EndGlobalSection
EndGlobal
